{
  "name": "reacttypescriptinit",
  "version": "0.1.0",
  "lockfileVersion": 1,
  "requires": true,
  "dependencies": {
    "@types/axios": {
      "version": "0.14.0",
      "resolved": "https://registry.npmjs.org/@types/axios/-/axios-0.14.0.tgz",
      "integrity": "sha1-7CMA++fX3d1+udOr+HmZlkyvzkY=",
      "requires": {
        "axios": "0.16.2"
      },
      "dependencies": {
        "axios": {
          "version": "0.16.2",
          "resolved": "https://registry.npmjs.org/axios/-/axios-0.16.2.tgz",
          "integrity": "sha1-uk+S8XFn37q0CYN4VFS5rBScPG0=",
          "requires": {
            "follow-redirects": "^1.2.3",
            "is-buffer": "^1.1.5"
          }
        }
      }
    },
    "@types/google-map-react": {
      "version": "0.23.0",
      "resolved": "https://registry.npmjs.org/@types/google-map-react/-/google-map-react-0.23.0.tgz",
      "integrity": "sha512-68rQyCSbJDiaBBEM00XM+b5dDVZpcyRaor5atQT/Ywhdqqd8pnhUuvrnH2M/YPGtAjbTM8XAAWBhmztfhLrRcQ==",
      "requires": {
        "@types/react": "15.6.4"
      }
    },
    "@types/history": {
      "version": "4.6.0",
      "resolved": "https://registry.npmjs.org/@types/history/-/history-4.6.0.tgz",
      "integrity": "sha512-2A0stT6b61DANLErAfSkeQ77N+A3FbR7ardUJUP3xm9f4W8qtG9ispBYDUX42Fl1EbR0rqSV3IWjbB6ew7hXRw=="
    },
    "@types/jest": {
      "version": "20.0.8",
      "resolved": "https://registry.npmjs.org/@types/jest/-/jest-20.0.8.tgz",
      "integrity": "sha512-+vFMPCwOffrTy685X9Kj+Iz83I56Q8j0JK6xvsm6TA5qxbtPUJZcXtJY05WMGlhCKp/9qbpRCwyOp6GkMuyuLg=="
    },
    "@types/node": {
      "version": "8.0.32",
      "resolved": "https://registry.npmjs.org/@types/node/-/node-8.0.32.tgz",
      "integrity": "sha512-n1zzgeQehndikZc/8N4rGSZc99cO6Tb3OInKzvWYniJsT/jet3m57buaBFa5cMeVNFosN4PKZ2LM1y16CFD7Rg=="
    },
    "@types/react": {
      "version": "15.6.4",
      "resolved": "https://registry.npmjs.org/@types/react/-/react-15.6.4.tgz",
      "integrity": "sha512-y80OwJq0HaujeTdxWrzS+cJy67gMiUcw7yAInn756if680w1wAEOoswwh3bu6+KIHgbERA505Q0HLaAKTcz4tw=="
    },
    "@types/react-dom": {
      "version": "15.5.6",
      "resolved": "https://registry.npmjs.org/@types/react-dom/-/react-dom-15.5.6.tgz",
      "integrity": "sha512-dP4vEDEH4rL+uUl6f//c6mjepTVdJ6Ldx3z0dZbw047T5Z+o2PZDW/Qd+I4PkTmIgk7YNAZC/TFnm3IHT5UAhw==",
      "requires": {
        "@types/react": "15.6.4"
      }
    },
    "@types/react-fa": {
      "version": "4.1.3",
      "resolved": "https://registry.npmjs.org/@types/react-fa/-/react-fa-4.1.3.tgz",
      "integrity": "sha512-hOY08J13dJ5IiH16t3pCyHG/IDt1smXbFgDd+cokmCZELpBfvTcDy/azijRM408P2BRg4vSv/XEQ9r/ixv/bCw==",
      "requires": {
        "@types/react": "15.6.4"
      }
    },
    "@types/react-redux": {
      "version": "5.0.10",
      "resolved": "https://registry.npmjs.org/@types/react-redux/-/react-redux-5.0.10.tgz",
      "integrity": "sha512-fKFGa3bBNRF488tCaMwz/5yRA1IIlpb3RNC5ax4UBy2/+Xv0qZQ4YBhYhGTBwWPY2+VdqH8VF3xyaN1/Fv6Tkg==",
      "requires": {
        "@types/react": "15.6.4",
        "redux": "3.7.2"
      }
    },
    "@types/react-router": {
      "version": "4.0.15",
      "resolved": "https://registry.npmjs.org/@types/react-router/-/react-router-4.0.15.tgz",
      "integrity": "sha512-E3rS+jFk/zMcoIv4caqfic3mcIoQImpVaC9lNEgPqZttjocgLvjOwT+peBNbUCLPBeNwaTdglZZeZJmowb28sw==",
      "requires": {
        "@types/history": "4.6.0",
        "@types/react": "15.6.4"
      }
    },
    "@types/react-router-dom": {
      "version": "4.0.8",
      "resolved": "https://registry.npmjs.org/@types/react-router-dom/-/react-router-dom-4.0.8.tgz",
      "integrity": "sha512-+Ipm4f9eNhzu4PKoQIqrj+VMiYWLFb1UXWOpx5z1CmSoVIdA0x703aUuRPncC1o9KKcuwr3bj1tEIzg1I/vhAg==",
      "requires": {
        "@types/history": "4.6.0",
        "@types/react": "15.6.4",
        "@types/react-router": "4.0.15"
      }
    },
    "@types/redux": {
      "version": "3.6.0",
      "resolved": "https://registry.npmjs.org/@types/redux/-/redux-3.6.0.tgz",
      "integrity": "sha1-8evh5UEVGAcuT9/KXHbhbnTBOZo=",
      "requires": {
        "redux": "3.7.2"
      }
    },
    "@types/redux-logger": {
      "version": "3.0.4",
      "resolved": "https://registry.npmjs.org/@types/redux-logger/-/redux-logger-3.0.4.tgz",
      "integrity": "sha512-VGpIp26uD1uTdDySC95l6dId2MIs+TLmEm90ijeEWmDa+ZOuwJhqw1Hb/qw19HYU2jFz+wud4hFxfzQUmc3x5A==",
      "dev": true,
      "requires": {
        "redux": "3.7.2"
      }
    },
    "@types/redux-persist": {
      "version": "4.3.1",
      "resolved": "https://registry.npmjs.org/@types/redux-persist/-/redux-persist-4.3.1.tgz",
      "integrity": "sha1-qkyHaFngvqUVXl95gOW4xGmdwuY=",
      "requires": {
        "redux-persist": "4.10.1"
      }
    },
    "@types/redux-promise-middleware": {
      "version": "0.0.8",
      "resolved": "https://registry.npmjs.org/@types/redux-promise-middleware/-/redux-promise-middleware-0.0.8.tgz",
      "integrity": "sha512-5GFSEoerhY5EAXgtc276k3TOq8HSY4vmqI0AinzpejJlgRHW5Aw6gl2wmy0cqxoPqkhrd8yWbs2uxRa5FOMdvQ==",
      "requires": {
        "redux": "3.7.2"
      }
    },
    "@types/redux-thunk": {
      "version": "2.1.0",
      "resolved": "https://registry.npmjs.org/@types/redux-thunk/-/redux-thunk-2.1.0.tgz",
      "integrity": "sha1-vCtulylhgxr7gqm/TwZybjUflBY=",
      "requires": {
        "redux-thunk": "2.2.0"
      }
    },
    "asap": {
      "version": "2.0.6",
      "resolved": "https://registry.npmjs.org/asap/-/asap-2.0.6.tgz",
      "integrity": "sha1-5QNHYR1+aQlDIIu9r+vLwvuGbUY="
    },
    "axios": {
      "version": "0.25.0",
      "resolved": "https://registry.npmjs.org/axios/-/axios-0.25.0.tgz",
      "integrity": "sha512-cD8FOb0tRH3uuEe6+evtAbgJtfxr7ly3fQjYcMcuPlgkwVS9xboaVIpcDV+cYQe+yGykgwZCs1pzjntcGa6l5g==",
      "requires": {
        "follow-redirects": "^1.14.7"
      }
    },
    "core-js": {
      "version": "1.2.7",
      "resolved": "https://registry.npmjs.org/core-js/-/core-js-1.2.7.tgz",
      "integrity": "sha1-ZSKUwUZR2yj6k70tX/KYOk8IxjY="
    },
    "create-react-class": {
      "version": "15.6.2",
      "resolved": "https://registry.npmjs.org/create-react-class/-/create-react-class-15.6.2.tgz",
      "integrity": "sha1-zx7RXxKq1/FO9fLf4F5sQvke8Co=",
      "requires": {
        "fbjs": "0.8.16",
        "loose-envify": "1.3.1",
        "object-assign": "4.1.1"
      }
    },
    "deep-diff": {
      "version": "0.3.8",
      "resolved": "https://registry.npmjs.org/deep-diff/-/deep-diff-0.3.8.tgz",
      "integrity": "sha1-wB3mPvsO7JeYgB1Ax+Da4ltYLIQ=",
      "dev": true
    },
    "encoding": {
      "version": "0.1.12",
      "resolved": "https://registry.npmjs.org/encoding/-/encoding-0.1.12.tgz",
      "integrity": "sha1-U4tm8+5izRq1HsMjgp0flIDHS+s=",
      "requires": {
        "iconv-lite": "0.4.19"
      }
    },
    "eventemitter3": {
      "version": "1.2.0",
      "resolved": "https://registry.npmjs.org/eventemitter3/-/eventemitter3-1.2.0.tgz",
      "integrity": "sha1-HIaZHYFq0eUEdQ5zh0Ik7PO+xQg="
    },
    "fbjs": {
      "version": "0.8.16",
      "resolved": "https://registry.npmjs.org/fbjs/-/fbjs-0.8.16.tgz",
      "integrity": "sha1-XmdDL1UNxBtXK/VYR7ispk5TN9s=",
      "requires": {
        "core-js": "1.2.7",
        "isomorphic-fetch": "2.2.1",
        "loose-envify": "1.3.1",
        "object-assign": "4.1.1",
        "promise": "7.3.1",
        "setimmediate": "1.0.5",
        "ua-parser-js": "0.7.14"
      }
    },
    "follow-redirects": {
      "version": "1.14.8",
      "resolved": "https://registry.npmjs.org/follow-redirects/-/follow-redirects-1.14.8.tgz",
      "integrity": "sha512-1x0S9UVJHsQprFcEC/qnNzBLcIxsjAV905f/UkQxbclCsoTWlacCNOpQa/anodLl2uaEKFhfWOvM2Qg77+15zA=="
    },
    "font-awesome": {
      "version": "4.7.0",
      "resolved": "https://registry.npmjs.org/font-awesome/-/font-awesome-4.7.0.tgz",
      "integrity": "sha1-j6jPBBGhoxr9B7BtKQK7n8gVoTM="
    },
    "google-map-react": {
      "version": "0.24.0",
      "resolved": "https://registry.npmjs.org/google-map-react/-/google-map-react-0.24.0.tgz",
      "integrity": "sha1-cnZUbTA8Wug3lj+LwThrdfGqLGA=",
      "requires": {
        "eventemitter3": "1.2.0",
        "fbjs": "0.8.16",
        "point-geometry": "0.0.0",
        "scriptjs": "2.5.8"
      }
    },
    "history": {
      "version": "4.7.2",
      "resolved": "https://registry.npmjs.org/history/-/history-4.7.2.tgz",
      "integrity": "sha512-1zkBRWW6XweO0NBcjiphtVJVsIQ+SXF29z9DVkceeaSLVMFXHool+fdCZD4spDCfZJCILPILc3bm7Bc+HRi0nA==",
      "requires": {
        "invariant": "2.2.2",
        "loose-envify": "1.3.1",
        "resolve-pathname": "2.2.0",
        "value-equal": "0.4.0",
        "warning": "3.0.0"
      }
    },
    "hoist-non-react-statics": {
      "version": "2.3.1",
      "resolved": "https://registry.npmjs.org/hoist-non-react-statics/-/hoist-non-react-statics-2.3.1.tgz",
      "integrity": "sha1-ND24TGAYxlB3iJgkATWhQg7iLOA="
    },
    "iconv-lite": {
      "version": "0.4.19",
      "resolved": "https://registry.npmjs.org/iconv-lite/-/iconv-lite-0.4.19.tgz",
      "integrity": "sha512-oTZqweIP51xaGPI4uPa56/Pri/480R+mo7SeU+YETByQNhDG55ycFyNLIgta9vXhILrxXDmF7ZGhqZIcuN0gJQ=="
    },
    "invariant": {
      "version": "2.2.2",
      "resolved": "https://registry.npmjs.org/invariant/-/invariant-2.2.2.tgz",
      "integrity": "sha1-nh9WrArNtr8wMwbzOL47IErmA2A=",
      "requires": {
        "loose-envify": "1.3.1"
      }
    },
    "is-buffer": {
      "version": "1.1.6",
      "resolved": "https://registry.npmjs.org/is-buffer/-/is-buffer-1.1.6.tgz",
      "integrity": "sha512-NcdALwpXkTm5Zvvbk7owOUSvVvBKDgKP5/ewfXEznmQFfs4ZRmanOeKBTjRVjka3QFoN6XJ+9F3USqfHqTaU5w=="
    },
    "is-stream": {
      "version": "1.1.0",
      "resolved": "https://registry.npmjs.org/is-stream/-/is-stream-1.1.0.tgz",
      "integrity": "sha1-EtSj3U5o4Lec6428hBc66A2RykQ="
    },
    "isarray": {
      "version": "0.0.1",
      "resolved": "https://registry.npmjs.org/isarray/-/isarray-0.0.1.tgz",
      "integrity": "sha1-ihis/Kmo9Bd+Cav8YDiTmwXR7t8="
    },
    "isomorphic-fetch": {
      "version": "2.2.1",
      "resolved": "https://registry.npmjs.org/isomorphic-fetch/-/isomorphic-fetch-2.2.1.tgz",
      "integrity": "sha1-YRrhrPFPXoH3KVB0coGf6XM1WKk=",
      "requires": {
        "node-fetch": "1.7.3",
        "whatwg-fetch": "2.0.3"
      }
    },
    "js-tokens": {
      "version": "3.0.2",
      "resolved": "https://registry.npmjs.org/js-tokens/-/js-tokens-3.0.2.tgz",
      "integrity": "sha1-mGbfOVECEw449/mWvOtlRDIJwls="
    },
    "json-stringify-safe": {
      "version": "5.0.1",
      "resolved": "https://registry.npmjs.org/json-stringify-safe/-/json-stringify-safe-5.0.1.tgz",
      "integrity": "sha1-Epai1Y/UXxmg9s4B1lcB4sc1tus="
    },
    "lodash": {
      "version": "4.17.4",
      "resolved": "https://registry.npmjs.org/lodash/-/lodash-4.17.4.tgz",
      "integrity": "sha1-eCA6TRwyiuHYbcpkYONptX9AVa4="
    },
    "lodash-es": {
      "version": "4.17.4",
      "resolved": "https://registry.npmjs.org/lodash-es/-/lodash-es-4.17.4.tgz",
      "integrity": "sha1-3MHXVS4VCgZABzupyzHXDwMpUOc="
    },
    "loose-envify": {
      "version": "1.3.1",
      "resolved": "https://registry.npmjs.org/loose-envify/-/loose-envify-1.3.1.tgz",
      "integrity": "sha1-0aitM/qc4OcT1l/dCsi3SNR4yEg=",
      "requires": {
        "js-tokens": "3.0.2"
      }
    },
    "node-fetch": {
      "version": "1.7.3",
      "resolved": "https://registry.npmjs.org/node-fetch/-/node-fetch-1.7.3.tgz",
      "integrity": "sha512-NhZ4CsKx7cYm2vSrBAr2PvFOe6sWDf0UYLRqA6svUYg7+/TSfVAu49jYC4BvQ4Sms9SZgdqGBgroqfDhJdTyKQ==",
      "requires": {
        "encoding": "0.1.12",
        "is-stream": "1.1.0"
      }
    },
    "object-assign": {
      "version": "4.1.1",
      "resolved": "https://registry.npmjs.org/object-assign/-/object-assign-4.1.1.tgz",
      "integrity": "sha1-IQmtx5ZYh8/AXLvUQsrIv7s2CGM="
    },
    "path-to-regexp": {
      "version": "1.7.0",
      "resolved": "https://registry.npmjs.org/path-to-regexp/-/path-to-regexp-1.7.0.tgz",
      "integrity": "sha1-Wf3g9DW62suhA6hOnTvGTpa5k30=",
      "requires": {
        "isarray": "0.0.1"
      }
    },
    "point-geometry": {
      "version": "0.0.0",
      "resolved": "https://registry.npmjs.org/point-geometry/-/point-geometry-0.0.0.tgz",
      "integrity": "sha1-b8vK16gDtkGCR91uScKFPFhNr/c="
    },
    "promise": {
      "version": "7.3.1",
      "resolved": "https://registry.npmjs.org/promise/-/promise-7.3.1.tgz",
      "integrity": "sha512-nolQXZ/4L+bP/UGlkfaIujX9BKxGwmQ9OT4mOt5yvy8iK1h3wqTEJCijzGANTCCl9nWjY41juyAn2K3Q1hLLTg==",
      "requires": {
        "asap": "2.0.6"
      }
    },
    "prop-types": {
      "version": "15.6.0",
      "resolved": "https://registry.npmjs.org/prop-types/-/prop-types-15.6.0.tgz",
      "integrity": "sha1-zq8IMCL8RrSjX2nhPvda7Q1jmFY=",
      "requires": {
        "fbjs": "0.8.16",
        "loose-envify": "1.3.1",
        "object-assign": "4.1.1"
      }
    },
    "react": {
      "version": "15.6.2",
      "resolved": "https://registry.npmjs.org/react/-/react-15.6.2.tgz",
      "integrity": "sha1-26BDSrQ5z+gvEI8PURZjkIF5qnI=",
      "requires": {
        "create-react-class": "15.6.2",
        "fbjs": "0.8.16",
        "loose-envify": "1.3.1",
        "object-assign": "4.1.1",
        "prop-types": "15.6.0"
      }
    },
    "react-dom": {
      "version": "15.6.2",
      "resolved": "https://registry.npmjs.org/react-dom/-/react-dom-15.6.2.tgz",
      "integrity": "sha1-Qc+t9pO3V/rycIRDodH9WgK+9zA=",
      "requires": {
        "fbjs": "0.8.16",
        "loose-envify": "1.3.1",
        "object-assign": "4.1.1",
        "prop-types": "15.6.0"
      }
    },
    "react-fa": {
      "version": "5.0.0",
      "resolved": "https://registry.npmjs.org/react-fa/-/react-fa-5.0.0.tgz",
      "integrity": "sha512-pBEJigNkDJPAP/P9mQXT55VbJbbtwqi4ayieXuFvGpd+gl3aZ9IbjjVKJihdhdysJP0XRgrSa3sT3yOmkQi8wQ==",
      "requires": {
        "font-awesome": "4.7.0",
        "prop-types": "15.6.0"
      }
    },
    "react-redux": {
      "version": "5.0.6",
      "resolved": "https://registry.npmjs.org/react-redux/-/react-redux-5.0.6.tgz",
      "integrity": "sha512-8taaaGu+J7PMJQDJrk/xiWEYQmdo3mkXw6wPr3K3LxvXis3Fymiq7c13S+Tpls/AyNUAsoONkU81AP0RA6y6Vw==",
      "requires": {
        "hoist-non-react-statics": "2.3.1",
        "invariant": "2.2.2",
        "lodash": "4.17.4",
        "lodash-es": "4.17.4",
        "loose-envify": "1.3.1",
        "prop-types": "15.6.0"
      }
    },
    "react-router": {
      "version": "4.2.0",
      "resolved": "https://registry.npmjs.org/react-router/-/react-router-4.2.0.tgz",
      "integrity": "sha512-DY6pjwRhdARE4TDw7XjxjZsbx9lKmIcyZoZ+SDO7SBJ1KUeWNxT22Kara2AC7u6/c2SYEHlEDLnzBCcNhLE8Vg==",
      "requires": {
        "history": "4.7.2",
        "hoist-non-react-statics": "2.3.1",
        "invariant": "2.2.2",
        "loose-envify": "1.3.1",
        "path-to-regexp": "1.7.0",
        "prop-types": "15.6.0",
        "warning": "3.0.0"
      }
    },
    "react-router-dom": {
      "version": "4.2.2",
      "resolved": "https://registry.npmjs.org/react-router-dom/-/react-router-dom-4.2.2.tgz",
      "integrity": "sha512-cHMFC1ZoLDfEaMFoKTjN7fry/oczMgRt5BKfMAkTu5zEuJvUiPp1J8d0eXSVTnBh6pxlbdqDhozunOOLtmKfPA==",
      "requires": {
        "history": "4.7.2",
        "invariant": "2.2.2",
        "loose-envify": "1.3.1",
        "prop-types": "15.6.0",
        "react-router": "4.2.0",
        "warning": "3.0.0"
      }
    },
    "redux": {
      "version": "3.7.2",
      "resolved": "https://registry.npmjs.org/redux/-/redux-3.7.2.tgz",
      "integrity": "sha512-pNqnf9q1hI5HHZRBkj3bAngGZW/JMCmexDlOxw4XagXY2o1327nHH54LoTjiPJ0gizoqPDRqWyX/00g0hD6w+A==",
      "requires": {
        "lodash": "4.17.4",
        "lodash-es": "4.17.4",
        "loose-envify": "1.3.1",
        "symbol-observable": "1.0.4"
      }
    },
    "redux-logger": {
      "version": "3.0.6",
      "resolved": "https://registry.npmjs.org/redux-logger/-/redux-logger-3.0.6.tgz",
      "integrity": "sha1-91VZZvMJjzyIYExEnPC69XeCdL8=",
      "dev": true,
      "requires": {
        "deep-diff": "0.3.8"
      }
    },
    "redux-persist": {
      "version": "4.10.1",
      "resolved": "https://registry.npmjs.org/redux-persist/-/redux-persist-4.10.1.tgz",
      "integrity": "sha512-ZUjCuSxdrTrxbYBio4CBv3ODYKsjSfR27RweDIia9335YEu7WptWpe+DmiqDRqt3QsV1hMRjpSoPiNwKiJ+D6w==",
      "requires": {
        "json-stringify-safe": "5.0.1",
        "lodash": "4.17.4",
        "lodash-es": "4.17.4"
      }
    },
    "redux-promise-middleware": {
      "version": "4.4.1",
      "resolved": "https://registry.npmjs.org/redux-promise-middleware/-/redux-promise-middleware-4.4.1.tgz",
      "integrity": "sha512-1B5eiSGbZIbTKutIwYBwvz8visA5Bdnqtlxm2UnVsl7pgyU7hc7wigBwj17cLOnvG6deO4yft9NXFjWpg7k7PQ=="
    },
    "redux-thunk": {
      "version": "2.2.0",
      "resolved": "https://registry.npmjs.org/redux-thunk/-/redux-thunk-2.2.0.tgz",
      "integrity": "sha1-5hWhbha0ehmlFXZhM9Hj6Zt4UuU="
    },
    "resolve-pathname": {
      "version": "2.2.0",
      "resolved": "https://registry.npmjs.org/resolve-pathname/-/resolve-pathname-2.2.0.tgz",
      "integrity": "sha512-bAFz9ld18RzJfddgrO2e/0S2O81710++chRMUxHjXOYKF6jTAMrUNZrEZ1PvV0zlhfjidm08iRPdTLPno1FuRg=="
    },
    "scriptjs": {
      "version": "2.5.8",
      "resolved": "https://registry.npmjs.org/scriptjs/-/scriptjs-2.5.8.tgz",
      "integrity": "sha1-0MQ5VcLmutM7bk7fe1O4llqnyl8="
    },
    "setimmediate": {
      "version": "1.0.5",
      "resolved": "https://registry.npmjs.org/setimmediate/-/setimmediate-1.0.5.tgz",
      "integrity": "sha1-KQy7Iy4waULX1+qbg3Mqt4VvgoU="
    },
    "symbol-observable": {
      "version": "1.0.4",
      "resolved": "https://registry.npmjs.org/symbol-observable/-/symbol-observable-1.0.4.tgz",
      "integrity": "sha1-Kb9hXUqnEhvdiYsi1LP5vE4qoD0="
    },
    "ua-parser-js": {
      "version": "0.7.14",
      "resolved": "https://registry.npmjs.org/ua-parser-js/-/ua-parser-js-0.7.14.tgz",
      "integrity": "sha1-EQ1T+kw/MmwSEpK76skE0uAzh8o="
    },
    "value-equal": {
      "version": "0.4.0",
      "resolved": "https://registry.npmjs.org/value-equal/-/value-equal-0.4.0.tgz",
      "integrity": "sha512-x+cYdNnaA3CxvMaTX0INdTCN8m8aF2uY9BvEqmxuYp8bL09cs/kWVQPVGcA35fMktdOsP69IgU7wFj/61dJHEw=="
    },
    "warning": {
      "version": "3.0.0",
      "resolved": "https://registry.npmjs.org/warning/-/warning-3.0.0.tgz",
      "integrity": "sha1-MuU3fLVy3kqwR1O9+IIcAe1gW3w=",
      "requires": {
        "loose-envify": "1.3.1"
      }
    },
    "whatwg-fetch": {
      "version": "2.0.3",
      "resolved": "https://registry.npmjs.org/whatwg-fetch/-/whatwg-fetch-2.0.3.tgz",
      "integrity": "sha1-nITsLc9oGH/wC8ZOEnS0QhduHIQ="
    }
  }
}
